
Microsoft Visual Studio Solution File, Format Version 12.00
# Visual Studio Version 16
VisualStudioVersion = 16.0.30717.126
MinimumVisualStudioVersion = 10.0.40219.1
Project("{8BC9CEB8-8B4A-11D0-8D11-00A0C91BC942}") = "Practica- 12", "Practica- 12\Practica- 12.vcxproj", "{2B5E2611-12BD-49C0-9896-9D7A7BED3507}"
EndProject
Global
	GlobalSection(SolutionConfigurationPlatforms) = preSolution
		Debug|x64 = Debug|x64
		Debug|x86 = Debug|x86
		Release|x64 = Release|x64
		Release|x86 = Release|x86
	EndGlobalSection
	GlobalSection(ProjectConfigurationPlatforms) = postSolution
		{2B5E2611-12BD-49C0-9896-9D7A7BED3507}.Debug|x64.ActiveCfg = Debug|x64
		{2B5E2611-12BD-49C0-9896-9D7A7BED3507}.Debug|x64.Build.0 = Debug|x64
		{2B5E2611-12BD-49C0-9896-9D7A7BED3507}.Debug|x86.ActiveCfg = Debug|Win32
		{2B5E2611-12BD-49C0-9896-9D7A7BED3507}.Debug|x86.Build.0 = Debug|Win32
		{2B5E2611-12BD-49C0-9896-9D7A7BED3507}.Release|x64.ActiveCfg = Release|x64
		{2B5E2611-12BD-49C0-9896-9D7A7BED3507}.Release|x64.Build.0 = Release|x64
		{2B5E2611-12BD-49C0-9896-9D7A7BED3507}.Release|x86.ActiveCfg = Release|Win32
		{2B5E2611-12BD-49C0-9896-9D7A7BED3507}.Release|x86.Build.0 = Release|Win32
	EndGlobalSection
	GlobalSection(SolutionProperties) = preSolution
		HideSolutionNode = FALSE
	EndGlobalSection
	GlobalSection(ExtensibilityGlobals) = postSolution
		SolutionGuid = {C3554C32-DB83-4CC9-A80F-8FCB289DCCCB}
	EndGlobalSection
EndGlobal
